// !$*UTF8*$!
{
	archiveVersion = 1;
	classes = {
	};
	objectVersion = 46;
	objects = {

/* Begin PBXBuildFile section */
		E7F6A7BB1F04143A004112A3 /* AppDelegate.m in Sources */ = {isa = PBXBuildFile; fileRef = E7F6A7B11F04143A004112A3 /* AppDelegate.m */; settings = {ASSET_TAGS = (); }; };
		E7F6A7BC1F04143A004112A3 /* Assets.xcassets in Resources */ = {isa = PBXBuildFile; fileRef = E7F6A7B21F04143A004112A3 /* Assets.xcassets */; settings = {ASSET_TAGS = (); }; };
		E7F6A7BD1F04143A004112A3 /* LaunchScreen.storyboard in Resources */ = {isa = PBXBuildFile; fileRef = E7F6A7B31F04143A004112A3 /* LaunchScreen.storyboard */; settings = {ASSET_TAGS = (); }; };
		E7F6A7BE1F04143A004112A3 /* Main.storyboard in Resources */ = {isa = PBXBuildFile; fileRef = E7F6A7B51F04143A004112A3 /* Main.storyboard */; settings = {ASSET_TAGS = (); }; };
		E7F6A7BF1F04143A004112A3 /* Info.plist in Resources */ = {isa = PBXBuildFile; fileRef = E7F6A7B71F04143A004112A3 /* Info.plist */; settings = {ASSET_TAGS = (); }; };
		E7F6A7C01F04143A004112A3 /* main.m in Sources */ = {isa = PBXBuildFile; fileRef = E7F6A7B81F04143A004112A3 /* main.m */; settings = {ASSET_TAGS = (); }; };
		E7F6A7C11F04143A004112A3 /* ViewController.m in Sources */ = {isa = PBXBuildFile; fileRef = E7F6A7BA1F04143A004112A3 /* ViewController.m */; settings = {ASSET_TAGS = (); }; };
		E7F6A7CE1F04150B004112A3 /* YHTableView.m in Sources */ = {isa = PBXBuildFile; fileRef = E7F6A7CA1F04150B004112A3 /* YHTableView.m */; settings = {ASSET_TAGS = (); }; };
		E7F6A7CF1F04150B004112A3 /* YHTableViewCell.m in Sources */ = {isa = PBXBuildFile; fileRef = E7F6A7CC1F04150B004112A3 /* YHTableViewCell.m */; settings = {ASSET_TAGS = (); }; };
		E7F6A7D31F041591004112A3 /* YHCellNode.m in Sources */ = {isa = PBXBuildFile; fileRef = E7F6A7D21F041591004112A3 /* YHCellNode.m */; settings = {ASSET_TAGS = (); }; };
/* End PBXBuildFile section */

/* Begin PBXFileReference section */
		E7AA236B1EF4CAF0009BC4D3 /* YHTableView.app */ = {isa = PBXFileReference; explicitFileType = wrapper.application; includeInIndex = 0; path = YHTableView.app; sourceTree = BUILT_PRODUCTS_DIR; };
		E7F6A7B01F04143A004112A3 /* AppDelegate.h */ = {isa = PBXFileReference; fileEncoding = 4; lastKnownFileType = sourcecode.c.h; path = AppDelegate.h; sourceTree = "<group>"; };
		E7F6A7B11F04143A004112A3 /* AppDelegate.m */ = {isa = PBXFileReference; fileEncoding = 4; lastKnownFileType = sourcecode.c.objc; path = AppDelegate.m; sourceTree = "<group>"; };
		E7F6A7B21F04143A004112A3 /* Assets.xcassets */ = {isa = PBXFileReference; lastKnownFileType = folder.assetcatalog; path = Assets.xcassets; sourceTree = "<group>"; };
		E7F6A7B41F04143A004112A3 /* Base */ = {isa = PBXFileReference; lastKnownFileType = file.storyboard; name = Base; path = Base.lproj/LaunchScreen.storyboard; sourceTree = "<group>"; };
		E7F6A7B61F04143A004112A3 /* Base */ = {isa = PBXFileReference; lastKnownFileType = file.storyboard; name = Base; path = Base.lproj/Main.storyboard; sourceTree = "<group>"; };
		E7F6A7B71F04143A004112A3 /* Info.plist */ = {isa = PBXFileReference; fileEncoding = 4; lastKnownFileType = text.plist.xml; path = Info.plist; sourceTree = "<group>"; };
		E7F6A7B81F04143A004112A3 /* main.m */ = {isa = PBXFileReference; fileEncoding = 4; lastKnownFileType = sourcecode.c.objc; path = main.m; sourceTree = "<group>"; };
		E7F6A7B91F04143A004112A3 /* ViewController.h */ = {isa = PBXFileReference; fileEncoding = 4; lastKnownFileType = sourcecode.c.h; path = ViewController.h; sourceTree = "<group>"; };
		E7F6A7BA1F04143A004112A3 /* ViewController.m */ = {isa = PBXFileReference; fileEncoding = 4; lastKnownFileType = sourcecode.c.objc; path = ViewController.m; sourceTree = "<group>"; };
		E7F6A7C41F04150B004112A3 /* YHTableViewDataSource.h */ = {isa = PBXFileReference; fileEncoding = 4; lastKnownFileType = sourcecode.c.h; path = YHTableViewDataSource.h; sourceTree = "<group>"; };
		E7F6A7C51F04150B004112A3 /* YHTableViewDelegate.h */ = {isa = PBXFileReference; fileEncoding = 4; lastKnownFileType = sourcecode.c.h; path = YHTableViewDelegate.h; sourceTree = "<group>"; };
		E7F6A7C91F04150B004112A3 /* YHTableView.h */ = {isa = PBXFileReference; fileEncoding = 4; lastKnownFileType = sourcecode.c.h; path = YHTableView.h; sourceTree = "<group>"; };
		E7F6A7CA1F04150B004112A3 /* YHTableView.m */ = {isa = PBXFileReference; fileEncoding = 4; lastKnownFileType = sourcecode.c.objc; path = YHTableView.m; sourceTree = "<group>"; };
		E7F6A7CB1F04150B004112A3 /* YHTableViewCell.h */ = {isa = PBXFileReference; fileEncoding = 4; lastKnownFileType = sourcecode.c.h; path = YHTableViewCell.h; sourceTree = "<group>"; };
		E7F6A7CC1F04150B004112A3 /* YHTableViewCell.m */ = {isa = PBXFileReference; fileEncoding = 4; lastKnownFileType = sourcecode.c.objc; path = YHTableViewCell.m; sourceTree = "<group>"; };
		E7F6A7D11F041591004112A3 /* YHCellNode.h */ = {isa = PBXFileReference; fileEncoding = 4; lastKnownFileType = sourcecode.c.h; path = YHCellNode.h; sourceTree = "<group>"; };
		E7F6A7D21F041591004112A3 /* YHCellNode.m */ = {isa = PBXFileReference; fileEncoding = 4; lastKnownFileType = sourcecode.c.objc; path = YHCellNode.m; sourceTree = "<group>"; };
/* End PBXFileReference section */

/* Begin PBXFrameworksBuildPhase section */
		E7AA23681EF4CAF0009BC4D3 /* Frameworks */ = {
			isa = PBXFrameworksBuildPhase;
			buildActionMask = 2147483647;
			files = (
			);
			runOnlyForDeploymentPostprocessing = 0;
		};
/* End PBXFrameworksBuildPhase section */

/* Begin PBXGroup section */
		E7AA23621EF4CAF0009BC4D3 = {
			isa = PBXGroup;
			children = (
				E7F6A7AF1F04143A004112A3 /* Demo */,
				E7F6A7C21F04150B004112A3 /* YHTableView */,
				E7AA236C1EF4CAF0009BC4D3 /* Products */,
			);
			sourceTree = "<group>";
		};
		E7AA236C1EF4CAF0009BC4D3 /* Products */ = {
			isa = PBXGroup;
			children = (
				E7AA236B1EF4CAF0009BC4D3 /* YHTableView.app */,
			);
			name = Products;
			sourceTree = "<group>";
		};
		E7F6A7AF1F04143A004112A3 /* Demo */ = {
			isa = PBXGroup;
			children = (
				E7F6A7B01F04143A004112A3 /* AppDelegate.h */,
				E7F6A7B11F04143A004112A3 /* AppDelegate.m */,
				E7F6A7B21F04143A004112A3 /* Assets.xcassets */,
				E7F6A7B31F04143A004112A3 /* LaunchScreen.storyboard */,
				E7F6A7B51F04143A004112A3 /* Main.storyboard */,
				E7F6A7B71F04143A004112A3 /* Info.plist */,
				E7F6A7B81F04143A004112A3 /* main.m */,
				E7F6A7B91F04143A004112A3 /* ViewController.h */,
				E7F6A7BA1F04143A004112A3 /* ViewController.m */,
			);
			path = Demo;
			sourceTree = "<group>";
		};
		E7F6A7C21F04150B004112A3 /* YHTableView */ = {
			isa = PBXGroup;
			children = (
				E7F6A7C31F04150B004112A3 /* Protocols */,
				E7F6A7C61F04150B004112A3 /* View */,
				E7F6A7D01F041591004112A3 /* Model */,
			);
			path = YHTableView;
			sourceTree = "<group>";
		};
		E7F6A7C31F04150B004112A3 /* Protocols */ = {
			isa = PBXGroup;
			children = (
				E7F6A7C41F04150B004112A3 /* YHTableViewDataSource.h */,
				E7F6A7C51F04150B004112A3 /* YHTableViewDelegate.h */,
			);
			path = Protocols;
			sourceTree = "<group>";
		};
		E7F6A7C61F04150B004112A3 /* View */ = {
			isa = PBXGroup;
			children = (
				E7F6A7C91F04150B004112A3 /* YHTableView.h */,
				E7F6A7CA1F04150B004112A3 /* YHTableView.m */,
				E7F6A7CB1F04150B004112A3 /* YHTableViewCell.h */,
				E7F6A7CC1F04150B004112A3 /* YHTableViewCell.m */,
			);
			path = View;
			sourceTree = "<group>";
		};
		E7F6A7D01F041591004112A3 /* Model */ = {
			isa = PBXGroup;
			children = (
				E7F6A7D11F041591004112A3 /* YHCellNode.h */,
				E7F6A7D21F041591004112A3 /* YHCellNode.m */,
			);
			path = Model;
			sourceTree = "<group>";
		};
/* End PBXGroup section */

/* Begin PBXNativeTarget section */
		E7AA236A1EF4CAF0009BC4D3 /* YHTableView */ = {
			isa = PBXNativeTarget;
			buildConfigurationList = E7AA23821EF4CAF0009BC4D3 /* Build configuration list for PBXNativeTarget "YHTableView" */;
			buildPhases = (
				E7AA23671EF4CAF0009BC4D3 /* Sources */,
				E7AA23681EF4CAF0009BC4D3 /* Frameworks */,
				E7AA23691EF4CAF0009BC4D3 /* Resources */,
			);
			buildRules = (
			);
			dependencies = (
			);
			name = YHTableView;
			productName = YHTableView;
			productReference = E7AA236B1EF4CAF0009BC4D3 /* YHTableView.app */;
			productType = "com.apple.product-type.application";
		};
/* End PBXNativeTarget section */

/* Begin PBXProject section */
		E7AA23631EF4CAF0009BC4D3 /* Project object */ = {
			isa = PBXProject;
			attributes = {
				LastUpgradeCheck = 0700;
				ORGANIZATIONNAME = Alan.Turing;
				TargetAttributes = {
					E7AA236A1EF4CAF0009BC4D3 = {
						CreatedOnToolsVersion = 7.0;
						DevelopmentTeam = 6NC35YNKT4;
					};
				};
			};
			buildConfigurationList = E7AA23661EF4CAF0009BC4D3 /* Build configuration list for PBXProject "YHTableView" */;
			compatibilityVersion = "Xcode 3.2";
			developmentRegion = English;
			hasScannedForEncodings = 0;
			knownRegions = (
				en,
				Base,
			);
			mainGroup = E7AA23621EF4CAF0009BC4D3;
			productRefGroup = E7AA236C1EF4CAF0009BC4D3 /* Products */;
			projectDirPath = "";
			projectRoot = "";
			targets = (
				E7AA236A1EF4CAF0009BC4D3 /* YHTableView */,
			);
		};
/* End PBXProject section */

/* Begin PBXResourcesBuildPhase section */
		E7AA23691EF4CAF0009BC4D3 /* Resources */ = {
			isa = PBXResourcesBuildPhase;
			buildActionMask = 2147483647;
			files = (
				E7F6A7BF1F04143A004112A3 /* Info.plist in Resources */,
				E7F6A7BE1F04143A004112A3 /* Main.storyboard in Resources */,
				E7F6A7BC1F04143A004112A3 /* Assets.xcassets in Resources */,
				E7F6A7BD1F04143A004112A3 /* LaunchScreen.storyboard in Resources */,
			);
			runOnlyForDeploymentPostprocessing = 0;
		};
/* End PBXResourcesBuildPhase section */

/* Begin PBXSourcesBuildPhase section */
		E7AA23671EF4CAF0009BC4D3 /* Sources */ = {
			isa = PBXSourcesBuildPhase;
			buildActionMask = 2147483647;
			files = (
				E7F6A7CF1F04150B004112A3 /* YHTableViewCell.m in Sources */,
				E7F6A7C11F04143A004112A3 /* ViewController.m in Sources */,
				E7F6A7C01F04143A004112A3 /* main.m in Sources */,
				E7F6A7BB1F04143A004112A3 /* AppDelegate.m in Sources */,
				E7F6A7D31F041591004112A3 /* YHCellNode.m in Sources */,
				E7F6A7CE1F04150B004112A3 /* YHTableView.m in Sources */,
			);
			runOnlyForDeploymentPostprocessing = 0;
		};
/* End PBXSourcesBuildPhase section */

/* Begin PBXVariantGroup section */
		E7F6A7B31F04143A004112A3 /* LaunchScreen.storyboard */ = {
			isa = PBXVariantGroup;
			children = (
				E7F6A7B41F04143A004112A3 /* Base */,
			);
			name = LaunchScreen.storyboard;
			sourceTree = "<group>";
		};
		E7F6A7B51F04143A004112A3 /* Main.storyboard */ = {
			isa = PBXVariantGroup;
			children = (
				E7F6A7B61F04143A004112A3 /* Base */,
			);
			name = Main.storyboard;
			sourceTree = "<group>";
		};
/* End PBXVariantGroup section */

/* Begin XCBuildConfiguration section */
		E7AA23801EF4CAF0009BC4D3 /* Debug */ = {
			isa = XCBuildConfiguration;
			buildSettings = {
				ALWAYS_SEARCH_USER_PATHS = NO;
				CLANG_CXX_LANGUAGE_STANDARD = "gnu++0x";
				CLANG_CXX_LIBRARY = "libc++";
				CLANG_ENABLE_MODULES = YES;
				CLANG_ENABLE_OBJC_ARC = YES;
				CLANG_WARN_BOOL_CONVERSION = YES;
				CLANG_WARN_CONSTANT_CONVERSION = YES;
				CLANG_WARN_DIRECT_OBJC_ISA_USAGE = YES_ERROR;
				CLANG_WARN_EMPTY_BODY = YES;
				CLANG_WARN_ENUM_CONVERSION = YES;
				CLANG_WARN_INT_CONVERSION = YES;
				CLANG_WARN_OBJC_ROOT_CLASS = YES_ERROR;
				CLANG_WARN_UNREACHABLE_CODE = YES;
				CLANG_WARN__DUPLICATE_METHOD_MATCH = YES;
				"CODE_SIGN_IDENTITY[sdk=iphoneos*]" = "iPhone Developer";
				COPY_PHASE_STRIP = NO;
				DEBUG_INFORMATION_FORMAT = dwarf;
				ENABLE_STRICT_OBJC_MSGSEND = YES;
				ENABLE_TESTABILITY = YES;
				GCC_C_LANGUAGE_STANDARD = gnu99;
				GCC_DYNAMIC_NO_PIC = NO;
				GCC_NO_COMMON_BLOCKS = YES;
				GCC_OPTIMIZATION_LEVEL = 0;
				GCC_PREPROCESSOR_DEFINITIONS = (
					"DEBUG=1",
					"$(inherited)",
				);
				GCC_WARN_64_TO_32_BIT_CONVERSION = YES;
				GCC_WARN_ABOUT_RETURN_TYPE = YES_ERROR;
				GCC_WARN_UNDECLARED_SELECTOR = YES;
				GCC_WARN_UNINITIALIZED_AUTOS = YES_AGGRESSIVE;
				GCC_WARN_UNUSED_FUNCTION = YES;
				GCC_WARN_UNUSED_VARIABLE = YES;
				IPHONEOS_DEPLOYMENT_TARGET = 9.0;
				MTL_ENABLE_DEBUG_INFO = YES;
				ONLY_ACTIVE_ARCH = YES;
				SDKROOT = iphoneos;
			};
			name = Debug;
		};
		E7AA23811EF4CAF0009BC4D3 /* Release */ = {
			isa = XCBuildConfiguration;
			buildSettings = {
				ALWAYS_SEARCH_USER_PATHS = NO;
				CLANG_CXX_LANGUAGE_STANDARD = "gnu++0x";
				CLANG_CXX_LIBRARY = "libc++";
				CLANG_ENABLE_MODULES = YES;
				CLANG_ENABLE_OBJC_ARC = YES;
				CLANG_WARN_BOOL_CONVERSION = YES;
				CLANG_WARN_CONSTANT_CONVERSION = YES;
				CLANG_WARN_DIRECT_OBJC_ISA_USAGE = YES_ERROR;
				CLANG_WARN_EMPTY_BODY = YES;
				CLANG_WARN_ENUM_CONVERSION = YES;
				CLANG_WARN_INT_CONVERSION = YES;
				CLANG_WARN_OBJC_ROOT_CLASS = YES_ERROR;
				CLANG_WARN_UNREACHABLE_CODE = YES;
				CLANG_WARN__DUPLICATE_METHOD_MATCH = YES;
				"CODE_SIGN_IDENTITY[sdk=iphoneos*]" = "iPhone Developer";
				COPY_PHASE_STRIP = NO;
				DEBUG_INFORMATION_FORMAT = "dwarf-with-dsym";
				ENABLE_NS_ASSERTIONS = NO;
				ENABLE_STRICT_OBJC_MSGSEND = YES;
				GCC_C_LANGUAGE_STANDARD = gnu99;
				GCC_NO_COMMON_BLOCKS = YES;
				GCC_WARN_64_TO_32_BIT_CONVERSION = YES;
				GCC_WARN_ABOUT_RETURN_TYPE = YES_ERROR;
				GCC_WARN_UNDECLARED_SELECTOR = YES;
				GCC_WARN_UNINITIALIZED_AUTOS = YES_AGGRESSIVE;
				GCC_WARN_UNUSED_FUNCTION = YES;
				GCC_WARN_UNUSED_VARIABLE = YES;
				IPHONEOS_DEPLOYMENT_TARGET = 9.0;
				MTL_ENABLE_DEBUG_INFO = NO;
				SDKROOT = iphoneos;
				VALIDATE_PRODUCT = YES;
			};
			name = Release;
		};
		E7AA23831EF4CAF0009BC4D3 /* Debug */ = {
			isa = XCBuildConfiguration;
			buildSettings = {
				ASSETCATALOG_COMPILER_APPICON_NAME = AppIcon;
				INFOPLIST_FILE = "$(SRCROOT)/Demo/Info.plist";
				LD_RUNPATH_SEARCH_PATHS = "$(inherited) @executable_path/Frameworks";
				PRODUCT_BUNDLE_IDENTIFIER = Alan.YHTableView;
				PRODUCT_NAME = "$(TARGET_NAME)";
			};
			name = Debug;
		};
		E7AA23841EF4CAF0009BC4D3 /* Release */ = {
			isa = XCBuildConfiguration;
			buildSettings = {
				ASSETCATALOG_COMPILER_APPICON_NAME = AppIcon;
				INFOPLIST_FILE = "$(SRCROOT)/Demo/Info.plist";
				LD_RUNPATH_SEARCH_PATHS = "$(inherited) @executable_path/Frameworks";
				PRODUCT_BUNDLE_IDENTIFIER = Alan.YHTableView;
				PRODUCT_NAME = "$(TARGET_NAME)";
			};
			name = Release;
		};
/* End XCBuildConfiguration section */

/* Begin XCConfigurationList section */
		E7AA23661EF4CAF0009BC4D3 /* Build configuration list for PBXProject "YHTableView" */ = {
			isa = XCConfigurationList;
			buildConfigurations = (
				E7AA23801EF4CAF0009BC4D3 /* Debug */,
				E7AA23811EF4CAF0009BC4D3 /* Release */,
			);
			defaultConfigurationIsVisible = 0;
			defaultConfigurationName = Release;
		};
		E7AA23821EF4CAF0009BC4D3 /* Build configuration list for PBXNativeTarget "YHTableView" */ = {
			isa = XCConfigurationList;
			buildConfigurations = (
				E7AA23831EF4CAF0009BC4D3 /* Debug */,
				E7AA23841EF4CAF0009BC4D3 /* Release */,
			);
			defaultConfigurationIsVisible = 0;
			defaultConfigurationName = Release;
		};
/* End XCConfigurationList section */
	};
	rootObject = E7AA23631EF4CAF0009BC4D3 /* Project object */;
}
